// !$*UTF8*$!
{
	archiveVersion = 1;
	classes = {
	};
	objectVersion = 50;
	objects = {

/* Begin PBXBuildFile section */
		727A0784260C4AA100CE4483 /* swfit_single_pageApp.swift in Sources */ = {isa = PBXBuildFile; fileRef = 727A0783260C4AA100CE4483 /* swfit_single_pageApp.swift */; };
		727A0786260C4AA100CE4483 /* ContentView.swift in Sources */ = {isa = PBXBuildFile; fileRef = 727A0785260C4AA100CE4483 /* ContentView.swift */; };
		727A0788260C4AA500CE4483 /* Assets.xcassets in Resources */ = {isa = PBXBuildFile; fileRef = 727A0787260C4AA500CE4483 /* Assets.xcassets */; };
		727A078B260C4AA500CE4483 /* Preview Assets.xcassets in Resources */ = {isa = PBXBuildFile; fileRef = 727A078A260C4AA500CE4483 /* Preview Assets.xcassets */; };
		727A0794260C5A6500CE4483 /* ButtonTextView.swift in Sources */ = {isa = PBXBuildFile; fileRef = 727A0793260C5A6500CE4483 /* ButtonTextView.swift */; };
		727A0798260C5A9300CE4483 /* PageContentView.swift in Sources */ = {isa = PBXBuildFile; fileRef = 727A0797260C5A9300CE4483 /* PageContentView.swift */; };
/* End PBXBuildFile section */

/* Begin PBXFileReference section */
		727A0780260C4AA100CE4483 /* swfit-single-page.app */ = {isa = PBXFileReference; explicitFileType = wrapper.application; includeInIndex = 0; path = "swfit-single-page.app"; sourceTree = BUILT_PRODUCTS_DIR; };
		727A0783260C4AA100CE4483 /* swfit_single_pageApp.swift */ = {isa = PBXFileReference; lastKnownFileType = sourcecode.swift; path = swfit_single_pageApp.swift; sourceTree = "<group>"; };
		727A0785260C4AA100CE4483 /* ContentView.swift */ = {isa = PBXFileReference; lastKnownFileType = sourcecode.swift; path = ContentView.swift; sourceTree = "<group>"; };
		727A0787260C4AA500CE4483 /* Assets.xcassets */ = {isa = PBXFileReference; lastKnownFileType = folder.assetcatalog; path = Assets.xcassets; sourceTree = "<group>"; };
		727A078A260C4AA500CE4483 /* Preview Assets.xcassets */ = {isa = PBXFileReference; lastKnownFileType = folder.assetcatalog; path = "Preview Assets.xcassets"; sourceTree = "<group>"; };
		727A078C260C4AA500CE4483 /* Info.plist */ = {isa = PBXFileReference; lastKnownFileType = text.plist.xml; path = Info.plist; sourceTree = "<group>"; };
		727A0793260C5A6500CE4483 /* ButtonTextView.swift */ = {isa = PBXFileReference; lastKnownFileType = sourcecode.swift; path = ButtonTextView.swift; sourceTree = "<group>"; };
		727A0797260C5A9300CE4483 /* PageContentView.swift */ = {isa = PBXFileReference; lastKnownFileType = sourcecode.swift; path = PageContentView.swift; sourceTree = "<group>"; };
/* End PBXFileReference section */

/* Begin PBXFrameworksBuildPhase section */
		727A077D260C4AA100CE4483 /* Frameworks */ = {
			isa = PBXFrameworksBuildPhase;
			buildActionMask = 2147483647;
			files = (
			);
			runOnlyForDeploymentPostprocessing = 0;
		};
/* End PBXFrameworksBuildPhase section */

/* Begin PBXGroup section */
		727A0777260C4AA100CE4483 = {
			isa = PBXGroup;
			children = (
				727A0782260C4AA100CE4483 /* swfit-single-page */,
				727A0781260C4AA100CE4483 /* Products */,
			);
			sourceTree = "<group>";
		};
		727A0781260C4AA100CE4483 /* Products */ = {
			isa = PBXGroup;
			children = (
				727A0780260C4AA100CE4483 /* swfit-single-page.app */,
			);
			name = Products;
			sourceTree = "<group>";
		};
		727A0782260C4AA100CE4483 /* swfit-single-page */ = {
			isa = PBXGroup;
			children = (
				727A0783260C4AA100CE4483 /* swfit_single_pageApp.swift */,
				727A0785260C4AA100CE4483 /* ContentView.swift */,
				727A0797260C5A9300CE4483 /* PageContentView.swift */,
				727A0793260C5A6500CE4483 /* ButtonTextView.swift */,
				727A0787260C4AA500CE4483 /* Assets.xcassets */,
				727A078C260C4AA500CE4483 /* Info.plist */,
				727A0789260C4AA500CE4483 /* Preview Content */,
			);
			path = "swfit-single-page";
			sourceTree = "<group>";
		};
		727A0789260C4AA500CE4483 /* Preview Content */ = {
			isa = PBXGroup;
			children = (
				727A078A260C4AA500CE4483 /* Preview Assets.xcassets */,
			);
			path = "Preview Content";
			sourceTree = "<group>";
		};
/* End PBXGroup section */

/* Begin PBXNativeTarget section */
		727A077F260C4AA100CE4483 /* swfit-single-page */ = {
			isa = PBXNativeTarget;
			buildConfigurationList = 727A078F260C4AA500CE4483 /* Build configuration list for PBXNativeTarget "swfit-single-page" */;
			buildPhases = (
				727A077C260C4AA100CE4483 /* Sources */,
				727A077D260C4AA100CE4483 /* Frameworks */,
				727A077E260C4AA100CE4483 /* Resources */,
			);
			buildRules = (
			);
			dependencies = (
			);
			name = "swfit-single-page";
			productName = "swfit-single-page";
			productReference = 727A0780260C4AA100CE4483 /* swfit-single-page.app */;
			productType = "com.apple.product-type.application";
		};
/* End PBXNativeTarget section */

/* Begin PBXProject section */
		727A0778260C4AA100CE4483 /* Project object */ = {
			isa = PBXProject;
			attributes = {
				LastSwiftUpdateCheck = 1230;
				LastUpgradeCheck = 1230;
				TargetAttributes = {
					727A077F260C4AA100CE4483 = {
						CreatedOnToolsVersion = 12.3;
					};
				};
			};
			buildConfigurationList = 727A077B260C4AA100CE4483 /* Build configuration list for PBXProject "swfit-single-page" */;
			compatibilityVersion = "Xcode 9.3";
			developmentRegion = en;
			hasScannedForEncodings = 0;
			knownRegions = (
				en,
				Base,
			);
			mainGroup = 727A0777260C4AA100CE4483;
			productRefGroup = 727A0781260C4AA100CE4483 /* Products */;
			projectDirPath = "";
			projectRoot = "";
			targets = (
				727A077F260C4AA100CE4483 /* swfit-single-page */,
			);
		};
/* End PBXProject section */

/* Begin PBXResourcesBuildPhase section */
		727A077E260C4AA100CE4483 /* Resources */ = {
			isa = PBXResourcesBuildPhase;
			buildActionMask = 2147483647;
			files = (
				727A078B260C4AA500CE4483 /* Preview Assets.xcassets in Resources */,
				727A0788260C4AA500CE4483 /* Assets.xcassets in Resources */,
			);
			runOnlyForDeploymentPostprocessing = 0;
		};
/* End PBXResourcesBuildPhase section */

/* Begin PBXSourcesBuildPhase section */
		727A077C260C4AA100CE4483 /* Sources */ = {
			isa = PBXSourcesBuildPhase;
			buildActionMask = 2147483647;
			files = (
				727A0786260C4AA100CE4483 /* ContentView.swift in Sources */,
				727A0784260C4AA100CE4483 /* swfit_single_pageApp.swift in Sources */,
				727A0794260C5A6500CE4483 /* ButtonTextView.swift in Sources */,
				727A0798260C5A9300CE4483 /* PageContentView.swift in Sources */,
			);
			runOnlyForDeploymentPostprocessing = 0;
		};
/* End PBXSourcesBuildPhase section */

/* Begin XCBuildConfiguration section */
		727A078D260C4AA500CE4483 /* Debug */ = {
			isa = XCBuildConfiguration;
			buildSettings = {
				ALWAYS_SEARCH_USER_PATHS = NO;
				CLANG_ANALYZER_NONNULL = YES;
				CLANG_ANALYZER_NUMBER_OBJECT_CONVERSION = YES_AGGRESSIVE;
				CLANG_CXX_LANGUAGE_STANDARD = "gnu++14";
				CLANG_CXX_LIBRARY = "libc++";
				CLANG_ENABLE_MODULES = YES;
				CLANG_ENABLE_OBJC_ARC = YES;
				CLANG_ENABLE_OBJC_WEAK = YES;
				CLANG_WARN_BLOCK_CAPTURE_AUTORELEASING = YES;
				CLANG_WARN_BOOL_CONVERSION = YES;
				CLANG_WARN_COMMA = YES;
				CLANG_WARN_CONSTANT_CONVERSION = YES;
				CLANG_WARN_DEPRECATED_OBJC_IMPLEMENTATIONS = YES;
				CLANG_WARN_DIRECT_OBJC_ISA_USAGE = YES_ERROR;
				CLANG_WARN_DOCUMENTATION_COMMENTS = YES;
				CLANG_WARN_EMPTY_BODY = YES;
				CLANG_WARN_ENUM_CONVERSION = YES;
				CLANG_WARN_INFINITE_RECURSION = YES;
				CLANG_WARN_INT_CONVERSION = YES;
				CLANG_WARN_NON_LITERAL_NULL_CONVERSION = YES;
				CLANG_WARN_OBJC_IMPLICIT_RETAIN_SELF = YES;
				CLANG_WARN_OBJC_LITERAL_CONVERSION = YES;
				CLANG_WARN_OBJC_ROOT_CLASS = YES_ERROR;
				CLANG_WARN_QUOTED_INCLUDE_IN_FRAMEWORK_HEADER = YES;
				CLANG_WARN_RANGE_LOOP_ANALYSIS = YES;
				CLANG_WARN_STRICT_PROTOTYPES = YES;
				CLANG_WARN_SUSPICIOUS_MOVE = YES;
				CLANG_WARN_UNGUARDED_AVAILABILITY = YES_AGGRESSIVE;
				CLANG_WARN_UNREACHABLE_CODE = YES;
				CLANG_WARN__DUPLICATE_METHOD_MATCH = YES;
				COPY_PHASE_STRIP = NO;
				DEBUG_INFORMATION_FORMAT = dwarf;
				ENABLE_STRICT_OBJC_MSGSEND = YES;
				ENABLE_TESTABILITY = YES;
				GCC_C_LANGUAGE_STANDARD = gnu11;
				GCC_DYNAMIC_NO_PIC = NO;
				GCC_NO_COMMON_BLOCKS = YES;
				GCC_OPTIMIZATION_LEVEL = 0;
				GCC_PREPROCESSOR_DEFINITIONS = (
					"DEBUG=1",
					"$(inherited)",
				);
				GCC_WARN_64_TO_32_BIT_CONVERSION = YES;
				GCC_WARN_ABOUT_RETURN_TYPE = YES_ERROR;
				GCC_WARN_UNDECLARED_SELECTOR = YES;
				GCC_WARN_UNINITIALIZED_AUTOS = YES_AGGRESSIVE;
				GCC_WARN_UNUSED_FUNCTION = YES;
				GCC_WARN_UNUSED_VARIABLE = YES;
				IPHONEOS_DEPLOYMENT_TARGET = 14.3;
				MTL_ENABLE_DEBUG_INFO = INCLUDE_SOURCE;
				MTL_FAST_MATH = YES;
				ONLY_ACTIVE_ARCH = YES;
				SDKROOT = iphoneos;
				SWIFT_ACTIVE_COMPILATION_CONDITIONS = DEBUG;
				SWIFT_OPTIMIZATION_LEVEL = "-Onone";
			};
			name = Debug;
		};
		727A078E260C4AA500CE4483 /* Release */ = {
			isa = XCBuildConfiguration;
			buildSettings = {
				ALWAYS_SEARCH_USER_PATHS = NO;
				CLANG_ANALYZER_NONNULL = YES;
				CLANG_ANALYZER_NUMBER_OBJECT_CONVERSION = YES_AGGRESSIVE;
				CLANG_CXX_LANGUAGE_STANDARD = "gnu++14";
				CLANG_CXX_LIBRARY = "libc++";
				CLANG_ENABLE_MODULES = YES;
				CLANG_ENABLE_OBJC_ARC = YES;
				CLANG_ENABLE_OBJC_WEAK = YES;
				CLANG_WARN_BLOCK_CAPTURE_AUTORELEASING = YES;
				CLANG_WARN_BOOL_CONVERSION = YES;
				CLANG_WARN_COMMA = YES;
				CLANG_WARN_CONSTANT_CONVERSION = YES;
				CLANG_WARN_DEPRECATED_OBJC_IMPLEMENTATIONS = YES;
				CLANG_WARN_DIRECT_OBJC_ISA_USAGE = YES_ERROR;
				CLANG_WARN_DOCUMENTATION_COMMENTS = YES;
				CLANG_WARN_EMPTY_BODY = YES;
				CLANG_WARN_ENUM_CONVERSION = YES;
				CLANG_WARN_INFINITE_RECURSION = YES;
				CLANG_WARN_INT_CONVERSION = YES;
				CLANG_WARN_NON_LITERAL_NULL_CONVERSION = YES;
				CLANG_WARN_OBJC_IMPLICIT_RETAIN_SELF = YES;
				CLANG_WARN_OBJC_LITERAL_CONVERSION = YES;
				CLANG_WARN_OBJC_ROOT_CLASS = YES_ERROR;
				CLANG_WARN_QUOTED_INCLUDE_IN_FRAMEWORK_HEADER = YES;
				CLANG_WARN_RANGE_LOOP_ANALYSIS = YES;
				CLANG_WARN_STRICT_PROTOTYPES = YES;
				CLANG_WARN_SUSPICIOUS_MOVE = YES;
				CLANG_WARN_UNGUARDED_AVAILABILITY = YES_AGGRESSIVE;
				CLANG_WARN_UNREACHABLE_CODE = YES;
				CLANG_WARN__DUPLICATE_METHOD_MATCH = YES;
				COPY_PHASE_STRIP = NO;
				DEBUG_INFORMATION_FORMAT = "dwarf-with-dsym";
				ENABLE_NS_ASSERTIONS = NO;
				ENABLE_STRICT_OBJC_MSGSEND = YES;
				GCC_C_LANGUAGE_STANDARD = gnu11;
				GCC_NO_COMMON_BLOCKS = YES;
				GCC_WARN_64_TO_32_BIT_CONVERSION = YES;
				GCC_WARN_ABOUT_RETURN_TYPE = YES_ERROR;
				GCC_WARN_UNDECLARED_SELECTOR = YES;
				GCC_WARN_UNINITIALIZED_AUTOS = YES_AGGRESSIVE;
				GCC_WARN_UNUSED_FUNCTION = YES;
				GCC_WARN_UNUSED_VARIABLE = YES;
				IPHONEOS_DEPLOYMENT_TARGET = 14.3;
				MTL_ENABLE_DEBUG_INFO = NO;
				MTL_FAST_MATH = YES;
				SDKROOT = iphoneos;
				SWIFT_COMPILATION_MODE = wholemodule;
				SWIFT_OPTIMIZATION_LEVEL = "-O";
				VALIDATE_PRODUCT = YES;
			};
			name = Release;
		};
		727A0790260C4AA500CE4483 /* Debug */ = {
			isa = XCBuildConfiguration;
			buildSettings = {
				ASSETCATALOG_COMPILER_APPICON_NAME = AppIcon;
				ASSETCATALOG_COMPILER_GLOBAL_ACCENT_COLOR_NAME = AccentColor;
				CODE_SIGN_STYLE = Automatic;
				DEVELOPMENT_ASSET_PATHS = "\"swfit-single-page/Preview Content\"";
				DEVELOPMENT_TEAM = 6VVQ522Z9C;
				ENABLE_PREVIEWS = YES;
				INFOPLIST_FILE = "swfit-single-page/Info.plist";
				IPHONEOS_DEPLOYMENT_TARGET = 14.0;
				LD_RUNPATH_SEARCH_PATHS = (
					"$(inherited)",
					"@executable_path/Frameworks",
				);
				PRODUCT_BUNDLE_IDENTIFIER = "havelio.henar.swfit-single-page";
				PRODUCT_NAME = "$(TARGET_NAME)";
				SWIFT_VERSION = 5.0;
				TARGETED_DEVICE_FAMILY = "1,2";
			};
			name = Debug;
		};
		727A0791260C4AA500CE4483 /* Release */ = {
			isa = XCBuildConfiguration;
			buildSettings = {
				ASSETCATALOG_COMPILER_APPICON_NAME = AppIcon;
				ASSETCATALOG_COMPILER_GLOBAL_ACCENT_COLOR_NAME = AccentColor;
				CODE_SIGN_STYLE = Automatic;
				DEVELOPMENT_ASSET_PATHS = "\"swfit-single-page/Preview Content\"";
				DEVELOPMENT_TEAM = 6VVQ522Z9C;
				ENABLE_PREVIEWS = YES;
				INFOPLIST_FILE = "swfit-single-page/Info.plist";
				IPHONEOS_DEPLOYMENT_TARGET = 14.0;
				LD_RUNPATH_SEARCH_PATHS = (
					"$(inherited)",
					"@executable_path/Frameworks",
				);
				PRODUCT_BUNDLE_IDENTIFIER = "havelio.henar.swfit-single-page";
				PRODUCT_NAME = "$(TARGET_NAME)";
				SWIFT_VERSION = 5.0;
				TARGETED_DEVICE_FAMILY = "1,2";
			};
			name = Release;
		};
/* End XCBuildConfiguration section */

/* Begin XCConfigurationList section */
		727A077B260C4AA100CE4483 /* Build configuration list for PBXProject "swfit-single-page" */ = {
			isa = XCConfigurationList;
			buildConfigurations = (
				727A078D260C4AA500CE4483 /* Debug */,
				727A078E260C4AA500CE4483 /* Release */,
			);
			defaultConfigurationIsVisible = 0;
			defaultConfigurationName = Release;
		};
		727A078F260C4AA500CE4483 /* Build configuration list for PBXNativeTarget "swfit-single-page" */ = {
			isa = XCConfigurationList;
			buildConfigurations = (
				727A0790260C4AA500CE4483 /* Debug */,
				727A0791260C4AA500CE4483 /* Release */,
			);
			defaultConfigurationIsVisible = 0;
			defaultConfigurationName = Release;
		};
/* End XCConfigurationList section */
	};
	rootObject = 727A0778260C4AA100CE4483 /* Project object */;
}
